
Microsoft Visual Studio Solution File, Format Version 12.00
# Visual Studio 15
VisualStudioVersion = 15.0.27130.2036
MinimumVisualStudioVersion = 10.0.40219.1
Project("{FAE04EC0-301F-11D3-BF4B-00C04F79EFBC}") = "Bagisla", "Bagisla\Bagisla.csproj", "{48F719B5-8FB4-4CE9-BBF9-E20E77B9A133}"
EndProject
Project("{FAE04EC0-301F-11D3-BF4B-00C04F79EFBC}") = "_DbEntities", "_DbEntities\_DbEntities.csproj", "{7F7E9A31-3852-46B9-A99A-7EB8E55420BE}"
EndProject
Global
	GlobalSection(SolutionConfigurationPlatforms) = preSolution
		Debug|Any CPU = Debug|Any CPU
		Release|Any CPU = Release|Any CPU
	EndGlobalSection
	GlobalSection(ProjectConfigurationPlatforms) = postSolution
		{48F719B5-8FB4-4CE9-BBF9-E20E77B9A133}.Debug|Any CPU.ActiveCfg = Debug|Any CPU
		{48F719B5-8FB4-4CE9-BBF9-E20E77B9A133}.Debug|Any CPU.Build.0 = Debug|Any CPU
		{48F719B5-8FB4-4CE9-BBF9-E20E77B9A133}.Release|Any CPU.ActiveCfg = Release|Any CPU
		{48F719B5-8FB4-4CE9-BBF9-E20E77B9A133}.Release|Any CPU.Build.0 = Release|Any CPU
		{7F7E9A31-3852-46B9-A99A-7EB8E55420BE}.Debug|Any CPU.ActiveCfg = Debug|Any CPU
		{7F7E9A31-3852-46B9-A99A-7EB8E55420BE}.Debug|Any CPU.Build.0 = Debug|Any CPU
		{7F7E9A31-3852-46B9-A99A-7EB8E55420BE}.Release|Any CPU.ActiveCfg = Release|Any CPU
		{7F7E9A31-3852-46B9-A99A-7EB8E55420BE}.Release|Any CPU.Build.0 = Release|Any CPU
	EndGlobalSection
	GlobalSection(SolutionProperties) = preSolution
		HideSolutionNode = FALSE
	EndGlobalSection
	GlobalSection(ExtensibilityGlobals) = postSolution
		SolutionGuid = {050C3BBE-9A4A-4078-883B-C9931BEB71BE}
	EndGlobalSection
EndGlobal
